
Microsoft Visual Studio Solution File, Format Version 12.00
# Visual Studio Version 17
VisualStudioVersion = 17.9.34902.65
MinimumVisualStudioVersion = 10.0.40219.1
Project("{FAE04EC0-301F-11D3-BF4B-00C04F79EFBC}") = "Game Completed", "Game Completed\Game Completed.csproj", "{D8CADA5A-41F1-4114-A061-C90687614097}"
EndProject
Global
	GlobalSection(SolutionConfigurationPlatforms) = preSolution
		Debug|Any CPU = Debug|Any CPU
		Release|Any CPU = Release|Any CPU
	EndGlobalSection
	GlobalSection(ProjectConfigurationPlatforms) = postSolution
		{D8CADA5A-41F1-4114-A061-C90687614097}.Debug|Any CPU.ActiveCfg = Debug|Any CPU
		{D8CADA5A-41F1-4114-A061-C90687614097}.Debug|Any CPU.Build.0 = Debug|Any CPU
		{D8CADA5A-41F1-4114-A061-C90687614097}.Release|Any CPU.ActiveCfg = Release|Any CPU
		{D8CADA5A-41F1-4114-A061-C90687614097}.Release|Any CPU.Build.0 = Release|Any CPU
	EndGlobalSection
	GlobalSection(SolutionProperties) = preSolution
		HideSolutionNode = FALSE
	EndGlobalSection
	GlobalSection(ExtensibilityGlobals) = postSolution
		SolutionGuid = {F6F76CC4-8986-41B7-8CE0-41764DD2E331}
	EndGlobalSection
EndGlobal
